
Microsoft Visual Studio Solution File, Format Version 12.00
# Visual Studio Version 17
VisualStudioVersion = 17.14.36518.9 d17.14
MinimumVisualStudioVersion = 10.0.40219.1
Project("{888888A0-9F3D-457C-B088-3A5042F75D52}") = "gooey", "gooey\gooey.pyproj", "{F2202AF1-0264-4123-82FB-19978F4144CF}"
EndProject
Global
	GlobalSection(SolutionConfigurationPlatforms) = preSolution
		Debug|Any CPU = Debug|Any CPU
		Release|Any CPU = Release|Any CPU
	EndGlobalSection
	GlobalSection(ProjectConfigurationPlatforms) = postSolution
		{F2202AF1-0264-4123-82FB-19978F4144CF}.Debug|Any CPU.ActiveCfg = Debug|Any CPU
		{F2202AF1-0264-4123-82FB-19978F4144CF}.Release|Any CPU.ActiveCfg = Release|Any CPU
	EndGlobalSection
	GlobalSection(SolutionProperties) = preSolution
		HideSolutionNode = FALSE
	EndGlobalSection
	GlobalSection(ExtensibilityGlobals) = postSolution
		SolutionGuid = {A995D322-D69C-4621-8044-CFB04D4EC2CD}
	EndGlobalSection
EndGlobal
